
Microsoft Visual Studio Solution File, Format Version 12.00
# Visual Studio Version 16
VisualStudioVersion = 16.0.31613.86
MinimumVisualStudioVersion = 10.0.40219.1
Project("{8BC9CEB8-8B4A-11D0-8D11-00A0C91BC942}") = "OurFirstCppProgram", "OurFirstCppProgram\OurFirstCppProgram.vcxproj", "{8AE19C71-E7E7-466A-BDBB-159FECEC78E5}"
EndProject
Project("{8BC9CEB8-8B4A-11D0-8D11-00A0C91BC942}") = "is_ascending", "is_ascending\is_ascending.vcxproj", "{0B0900AC-16E0-48FB-B8D3-ED1C2913F441}"
EndProject
Project("{8BC9CEB8-8B4A-11D0-8D11-00A0C91BC942}") = "MultipleInclusion", "MultipleInclusion\MultipleInclusion.vcxproj", "{6B02B53D-AFA1-485A-B3DC-B9029B83145C}"
EndProject
Project("{8BC9CEB8-8B4A-11D0-8D11-00A0C91BC942}") = "CtorInitList", "CtorInitList\CtorInitList.vcxproj", "{CD07BDEA-9983-4A68-A5B2-0581F92B15FA}"
EndProject
Project("{8BC9CEB8-8B4A-11D0-8D11-00A0C91BC942}") = "RandomPermutations", "RandomPermutations\RandomPermutations.vcxproj", "{6BD12DC3-3C5F-4753-95D0-257D5C86625B}"
EndProject
Project("{8BC9CEB8-8B4A-11D0-8D11-00A0C91BC942}") = "vectorstuff", "vectorstuff\vectorstuff.vcxproj", "{08DBD951-74C7-44DC-B13F-AA52C921C2DB}"
EndProject
Project("{8BC9CEB8-8B4A-11D0-8D11-00A0C91BC942}") = "RandomUniformDist", "RandomUniformDist\RandomUniformDist.vcxproj", "{4A367668-2ED6-4CAD-901D-42DA71CE53E0}"
EndProject
Project("{8BC9CEB8-8B4A-11D0-8D11-00A0C91BC942}") = "PriorityQueue", "PriorityQueue\PriorityQueue.vcxproj", "{B0AAD6FB-36DC-48AA-8653-84008EC51431}"
EndProject
Project("{8BC9CEB8-8B4A-11D0-8D11-00A0C91BC942}") = "MazeBuilder", "MazeBuilder\MazeBuilder.vcxproj", "{0030CC29-CA06-4AE5-B73D-8D0C74A4592B}"
EndProject
Project("{8BC9CEB8-8B4A-11D0-8D11-00A0C91BC942}") = "StandardHashTable", "StandardHashTable\StandardHashTable.vcxproj", "{371BBD65-99A1-4FC6-B2CA-833DCDBF19B2}"
EndProject
Project("{8BC9CEB8-8B4A-11D0-8D11-00A0C91BC942}") = "PermutationSort", "PermutationSort\PermutationSort.vcxproj", "{B93991F0-9CF3-43DB-9B74-1CF9CAF681DF}"
EndProject
Global
	GlobalSection(SolutionConfigurationPlatforms) = preSolution
		Debug|x64 = Debug|x64
		Debug|x86 = Debug|x86
		Release|x64 = Release|x64
		Release|x86 = Release|x86
	EndGlobalSection
	GlobalSection(ProjectConfigurationPlatforms) = postSolution
		{8AE19C71-E7E7-466A-BDBB-159FECEC78E5}.Debug|x64.ActiveCfg = Debug|x64
		{8AE19C71-E7E7-466A-BDBB-159FECEC78E5}.Debug|x64.Build.0 = Debug|x64
		{8AE19C71-E7E7-466A-BDBB-159FECEC78E5}.Debug|x86.ActiveCfg = Debug|Win32
		{8AE19C71-E7E7-466A-BDBB-159FECEC78E5}.Debug|x86.Build.0 = Debug|Win32
		{8AE19C71-E7E7-466A-BDBB-159FECEC78E5}.Release|x64.ActiveCfg = Release|x64
		{8AE19C71-E7E7-466A-BDBB-159FECEC78E5}.Release|x64.Build.0 = Release|x64
		{8AE19C71-E7E7-466A-BDBB-159FECEC78E5}.Release|x86.ActiveCfg = Release|Win32
		{8AE19C71-E7E7-466A-BDBB-159FECEC78E5}.Release|x86.Build.0 = Release|Win32
		{0B0900AC-16E0-48FB-B8D3-ED1C2913F441}.Debug|x64.ActiveCfg = Debug|x64
		{0B0900AC-16E0-48FB-B8D3-ED1C2913F441}.Debug|x64.Build.0 = Debug|x64
		{0B0900AC-16E0-48FB-B8D3-ED1C2913F441}.Debug|x86.ActiveCfg = Debug|Win32
		{0B0900AC-16E0-48FB-B8D3-ED1C2913F441}.Debug|x86.Build.0 = Debug|Win32
		{0B0900AC-16E0-48FB-B8D3-ED1C2913F441}.Release|x64.ActiveCfg = Release|x64
		{0B0900AC-16E0-48FB-B8D3-ED1C2913F441}.Release|x64.Build.0 = Release|x64
		{0B0900AC-16E0-48FB-B8D3-ED1C2913F441}.Release|x86.ActiveCfg = Release|Win32
		{0B0900AC-16E0-48FB-B8D3-ED1C2913F441}.Release|x86.Build.0 = Release|Win32
		{6B02B53D-AFA1-485A-B3DC-B9029B83145C}.Debug|x64.ActiveCfg = Debug|x64
		{6B02B53D-AFA1-485A-B3DC-B9029B83145C}.Debug|x64.Build.0 = Debug|x64
		{6B02B53D-AFA1-485A-B3DC-B9029B83145C}.Debug|x86.ActiveCfg = Debug|Win32
		{6B02B53D-AFA1-485A-B3DC-B9029B83145C}.Debug|x86.Build.0 = Debug|Win32
		{6B02B53D-AFA1-485A-B3DC-B9029B83145C}.Release|x64.ActiveCfg = Release|x64
		{6B02B53D-AFA1-485A-B3DC-B9029B83145C}.Release|x64.Build.0 = Release|x64
		{6B02B53D-AFA1-485A-B3DC-B9029B83145C}.Release|x86.ActiveCfg = Release|Win32
		{6B02B53D-AFA1-485A-B3DC-B9029B83145C}.Release|x86.Build.0 = Release|Win32
		{CD07BDEA-9983-4A68-A5B2-0581F92B15FA}.Debug|x64.ActiveCfg = Debug|x64
		{CD07BDEA-9983-4A68-A5B2-0581F92B15FA}.Debug|x64.Build.0 = Debug|x64
		{CD07BDEA-9983-4A68-A5B2-0581F92B15FA}.Debug|x86.ActiveCfg = Debug|Win32
		{CD07BDEA-9983-4A68-A5B2-0581F92B15FA}.Debug|x86.Build.0 = Debug|Win32
		{CD07BDEA-9983-4A68-A5B2-0581F92B15FA}.Release|x64.ActiveCfg = Release|x64
		{CD07BDEA-9983-4A68-A5B2-0581F92B15FA}.Release|x64.Build.0 = Release|x64
		{CD07BDEA-9983-4A68-A5B2-0581F92B15FA}.Release|x86.ActiveCfg = Release|Win32
		{CD07BDEA-9983-4A68-A5B2-0581F92B15FA}.Release|x86.Build.0 = Release|Win32
		{6BD12DC3-3C5F-4753-95D0-257D5C86625B}.Debug|x64.ActiveCfg = Debug|x64
		{6BD12DC3-3C5F-4753-95D0-257D5C86625B}.Debug|x64.Build.0 = Debug|x64
		{6BD12DC3-3C5F-4753-95D0-257D5C86625B}.Debug|x86.ActiveCfg = Debug|Win32
		{6BD12DC3-3C5F-4753-95D0-257D5C86625B}.Debug|x86.Build.0 = Debug|Win32
		{6BD12DC3-3C5F-4753-95D0-257D5C86625B}.Release|x64.ActiveCfg = Release|x64
		{6BD12DC3-3C5F-4753-95D0-257D5C86625B}.Release|x64.Build.0 = Release|x64
		{6BD12DC3-3C5F-4753-95D0-257D5C86625B}.Release|x86.ActiveCfg = Release|Win32
		{6BD12DC3-3C5F-4753-95D0-257D5C86625B}.Release|x86.Build.0 = Release|Win32
		{08DBD951-74C7-44DC-B13F-AA52C921C2DB}.Debug|x64.ActiveCfg = Debug|x64
		{08DBD951-74C7-44DC-B13F-AA52C921C2DB}.Debug|x64.Build.0 = Debug|x64
		{08DBD951-74C7-44DC-B13F-AA52C921C2DB}.Debug|x86.ActiveCfg = Debug|Win32
		{08DBD951-74C7-44DC-B13F-AA52C921C2DB}.Debug|x86.Build.0 = Debug|Win32
		{08DBD951-74C7-44DC-B13F-AA52C921C2DB}.Release|x64.ActiveCfg = Release|x64
		{08DBD951-74C7-44DC-B13F-AA52C921C2DB}.Release|x64.Build.0 = Release|x64
		{08DBD951-74C7-44DC-B13F-AA52C921C2DB}.Release|x86.ActiveCfg = Release|Win32
		{08DBD951-74C7-44DC-B13F-AA52C921C2DB}.Release|x86.Build.0 = Release|Win32
		{4A367668-2ED6-4CAD-901D-42DA71CE53E0}.Debug|x64.ActiveCfg = Debug|x64
		{4A367668-2ED6-4CAD-901D-42DA71CE53E0}.Debug|x64.Build.0 = Debug|x64
		{4A367668-2ED6-4CAD-901D-42DA71CE53E0}.Debug|x86.ActiveCfg = Debug|Win32
		{4A367668-2ED6-4CAD-901D-42DA71CE53E0}.Debug|x86.Build.0 = Debug|Win32
		{4A367668-2ED6-4CAD-901D-42DA71CE53E0}.Release|x64.ActiveCfg = Release|x64
		{4A367668-2ED6-4CAD-901D-42DA71CE53E0}.Release|x64.Build.0 = Release|x64
		{4A367668-2ED6-4CAD-901D-42DA71CE53E0}.Release|x86.ActiveCfg = Release|Win32
		{4A367668-2ED6-4CAD-901D-42DA71CE53E0}.Release|x86.Build.0 = Release|Win32
		{B0AAD6FB-36DC-48AA-8653-84008EC51431}.Debug|x64.ActiveCfg = Debug|x64
		{B0AAD6FB-36DC-48AA-8653-84008EC51431}.Debug|x64.Build.0 = Debug|x64
		{B0AAD6FB-36DC-48AA-8653-84008EC51431}.Debug|x86.ActiveCfg = Debug|Win32
		{B0AAD6FB-36DC-48AA-8653-84008EC51431}.Debug|x86.Build.0 = Debug|Win32
		{B0AAD6FB-36DC-48AA-8653-84008EC51431}.Release|x64.ActiveCfg = Release|x64
		{B0AAD6FB-36DC-48AA-8653-84008EC51431}.Release|x64.Build.0 = Release|x64
		{B0AAD6FB-36DC-48AA-8653-84008EC51431}.Release|x86.ActiveCfg = Release|Win32
		{B0AAD6FB-36DC-48AA-8653-84008EC51431}.Release|x86.Build.0 = Release|Win32
		{0030CC29-CA06-4AE5-B73D-8D0C74A4592B}.Debug|x64.ActiveCfg = Debug|x64
		{0030CC29-CA06-4AE5-B73D-8D0C74A4592B}.Debug|x64.Build.0 = Debug|x64
		{0030CC29-CA06-4AE5-B73D-8D0C74A4592B}.Debug|x86.ActiveCfg = Debug|Win32
		{0030CC29-CA06-4AE5-B73D-8D0C74A4592B}.Debug|x86.Build.0 = Debug|Win32
		{0030CC29-CA06-4AE5-B73D-8D0C74A4592B}.Release|x64.ActiveCfg = Release|x64
		{0030CC29-CA06-4AE5-B73D-8D0C74A4592B}.Release|x64.Build.0 = Release|x64
		{0030CC29-CA06-4AE5-B73D-8D0C74A4592B}.Release|x86.ActiveCfg = Release|Win32
		{0030CC29-CA06-4AE5-B73D-8D0C74A4592B}.Release|x86.Build.0 = Release|Win32
		{371BBD65-99A1-4FC6-B2CA-833DCDBF19B2}.Debug|x64.ActiveCfg = Debug|x64
		{371BBD65-99A1-4FC6-B2CA-833DCDBF19B2}.Debug|x64.Build.0 = Debug|x64
		{371BBD65-99A1-4FC6-B2CA-833DCDBF19B2}.Debug|x86.ActiveCfg = Debug|Win32
		{371BBD65-99A1-4FC6-B2CA-833DCDBF19B2}.Debug|x86.Build.0 = Debug|Win32
		{371BBD65-99A1-4FC6-B2CA-833DCDBF19B2}.Release|x64.ActiveCfg = Release|x64
		{371BBD65-99A1-4FC6-B2CA-833DCDBF19B2}.Release|x64.Build.0 = Release|x64
		{371BBD65-99A1-4FC6-B2CA-833DCDBF19B2}.Release|x86.ActiveCfg = Release|Win32
		{371BBD65-99A1-4FC6-B2CA-833DCDBF19B2}.Release|x86.Build.0 = Release|Win32
		{B93991F0-9CF3-43DB-9B74-1CF9CAF681DF}.Debug|x64.ActiveCfg = Debug|x64
		{B93991F0-9CF3-43DB-9B74-1CF9CAF681DF}.Debug|x64.Build.0 = Debug|x64
		{B93991F0-9CF3-43DB-9B74-1CF9CAF681DF}.Debug|x86.ActiveCfg = Debug|Win32
		{B93991F0-9CF3-43DB-9B74-1CF9CAF681DF}.Debug|x86.Build.0 = Debug|Win32
		{B93991F0-9CF3-43DB-9B74-1CF9CAF681DF}.Release|x64.ActiveCfg = Release|x64
		{B93991F0-9CF3-43DB-9B74-1CF9CAF681DF}.Release|x64.Build.0 = Release|x64
		{B93991F0-9CF3-43DB-9B74-1CF9CAF681DF}.Release|x86.ActiveCfg = Release|Win32
		{B93991F0-9CF3-43DB-9B74-1CF9CAF681DF}.Release|x86.Build.0 = Release|Win32
	EndGlobalSection
	GlobalSection(SolutionProperties) = preSolution
		HideSolutionNode = FALSE
	EndGlobalSection
	GlobalSection(ExtensibilityGlobals) = postSolution
		SolutionGuid = {B9C976E5-137E-4EC5-8F88-436EB8642DB3}
	EndGlobalSection
EndGlobal
