
Microsoft Visual Studio Solution File, Format Version 12.00
# Visual Studio Version 16
VisualStudioVersion = 16.0.31613.86
MinimumVisualStudioVersion = 10.0.40219.1
Project("{8BC9CEB8-8B4A-11D0-8D11-00A0C91BC942}") = "OurFirstCppProgram", "OurFirstCppProgram\OurFirstCppProgram.vcxproj", "{8AE19C71-E7E7-466A-BDBB-159FECEC78E5}"
EndProject
Project("{8BC9CEB8-8B4A-11D0-8D11-00A0C91BC942}") = "is_ascending", "is_ascending\is_ascending.vcxproj", "{0B0900AC-16E0-48FB-B8D3-ED1C2913F441}"
EndProject
Project("{8BC9CEB8-8B4A-11D0-8D11-00A0C91BC942}") = "MultipleInclusion", "MultipleInclusion\MultipleInclusion.vcxproj", "{6B02B53D-AFA1-485A-B3DC-B9029B83145C}"
EndProject
Project("{8BC9CEB8-8B4A-11D0-8D11-00A0C91BC942}") = "CtorInitList", "CtorInitList\CtorInitList.vcxproj", "{CD07BDEA-9983-4A68-A5B2-0581F92B15FA}"
EndProject
Global
	GlobalSection(SolutionConfigurationPlatforms) = preSolution
		Debug|x64 = Debug|x64
		Debug|x86 = Debug|x86
		Release|x64 = Release|x64
		Release|x86 = Release|x86
	EndGlobalSection
	GlobalSection(ProjectConfigurationPlatforms) = postSolution
		{8AE19C71-E7E7-466A-BDBB-159FECEC78E5}.Debug|x64.ActiveCfg = Debug|x64
		{8AE19C71-E7E7-466A-BDBB-159FECEC78E5}.Debug|x64.Build.0 = Debug|x64
		{8AE19C71-E7E7-466A-BDBB-159FECEC78E5}.Debug|x86.ActiveCfg = Debug|Win32
		{8AE19C71-E7E7-466A-BDBB-159FECEC78E5}.Debug|x86.Build.0 = Debug|Win32
		{8AE19C71-E7E7-466A-BDBB-159FECEC78E5}.Release|x64.ActiveCfg = Release|x64
		{8AE19C71-E7E7-466A-BDBB-159FECEC78E5}.Release|x64.Build.0 = Release|x64
		{8AE19C71-E7E7-466A-BDBB-159FECEC78E5}.Release|x86.ActiveCfg = Release|Win32
		{8AE19C71-E7E7-466A-BDBB-159FECEC78E5}.Release|x86.Build.0 = Release|Win32
		{0B0900AC-16E0-48FB-B8D3-ED1C2913F441}.Debug|x64.ActiveCfg = Debug|x64
		{0B0900AC-16E0-48FB-B8D3-ED1C2913F441}.Debug|x64.Build.0 = Debug|x64
		{0B0900AC-16E0-48FB-B8D3-ED1C2913F441}.Debug|x86.ActiveCfg = Debug|Win32
		{0B0900AC-16E0-48FB-B8D3-ED1C2913F441}.Debug|x86.Build.0 = Debug|Win32
		{0B0900AC-16E0-48FB-B8D3-ED1C2913F441}.Release|x64.ActiveCfg = Release|x64
		{0B0900AC-16E0-48FB-B8D3-ED1C2913F441}.Release|x64.Build.0 = Release|x64
		{0B0900AC-16E0-48FB-B8D3-ED1C2913F441}.Release|x86.ActiveCfg = Release|Win32
		{0B0900AC-16E0-48FB-B8D3-ED1C2913F441}.Release|x86.Build.0 = Release|Win32
		{6B02B53D-AFA1-485A-B3DC-B9029B83145C}.Debug|x64.ActiveCfg = Debug|x64
		{6B02B53D-AFA1-485A-B3DC-B9029B83145C}.Debug|x64.Build.0 = Debug|x64
		{6B02B53D-AFA1-485A-B3DC-B9029B83145C}.Debug|x86.ActiveCfg = Debug|Win32
		{6B02B53D-AFA1-485A-B3DC-B9029B83145C}.Debug|x86.Build.0 = Debug|Win32
		{6B02B53D-AFA1-485A-B3DC-B9029B83145C}.Release|x64.ActiveCfg = Release|x64
		{6B02B53D-AFA1-485A-B3DC-B9029B83145C}.Release|x64.Build.0 = Release|x64
		{6B02B53D-AFA1-485A-B3DC-B9029B83145C}.Release|x86.ActiveCfg = Release|Win32
		{6B02B53D-AFA1-485A-B3DC-B9029B83145C}.Release|x86.Build.0 = Release|Win32
		{CD07BDEA-9983-4A68-A5B2-0581F92B15FA}.Debug|x64.ActiveCfg = Debug|x64
		{CD07BDEA-9983-4A68-A5B2-0581F92B15FA}.Debug|x64.Build.0 = Debug|x64
		{CD07BDEA-9983-4A68-A5B2-0581F92B15FA}.Debug|x86.ActiveCfg = Debug|Win32
		{CD07BDEA-9983-4A68-A5B2-0581F92B15FA}.Debug|x86.Build.0 = Debug|Win32
		{CD07BDEA-9983-4A68-A5B2-0581F92B15FA}.Release|x64.ActiveCfg = Release|x64
		{CD07BDEA-9983-4A68-A5B2-0581F92B15FA}.Release|x64.Build.0 = Release|x64
		{CD07BDEA-9983-4A68-A5B2-0581F92B15FA}.Release|x86.ActiveCfg = Release|Win32
		{CD07BDEA-9983-4A68-A5B2-0581F92B15FA}.Release|x86.Build.0 = Release|Win32
	EndGlobalSection
	GlobalSection(SolutionProperties) = preSolution
		HideSolutionNode = FALSE
	EndGlobalSection
	GlobalSection(ExtensibilityGlobals) = postSolution
		SolutionGuid = {B9C976E5-137E-4EC5-8F88-436EB8642DB3}
	EndGlobalSection
EndGlobal
